<Solution>
  <Folder Name="/src/">
    <Project Path="src/Legate.Abstractions/Legate.Abstractions.fsproj" />
    <Project Path="src/Legate/Legate.fsproj" />
    <Project Path="src/Legate.Llm.Google/Legate.Llm.Google.fsproj" />
    <Project Path="src/Legate.Llm.OpenAI/Legate.Llm.OpenAI.fsproj" />
    <Project Path="src/Legate.Storage.InMemory/Legate.Storage.InMemory.fsproj" />
    <Project Path="src/Legate.Storage.FileSystem/Legate.Storage.FileSystem.fsproj" />
    <Project Path="src/Legate.Storage.Postgres/Legate.Storage.Postgres.fsproj" />
    <Project Path="src/Legate.Storage.Migrations/Legate.Storage.Migrations.fsproj" />
    <Project Path="src/Legate.Storage.Sqlite/Legate.Storage.Sqlite.fsproj" />
    <Project Path="src/Legate.Testing/Legate.Testing.fsproj" />
    <Project Path="src/Legate.Workspace.Process/Legate.Workspace.Process.fsproj" />
    <Project Path="src/Legate.Mcp/Legate.Mcp.fsproj" />
  </Folder>
  <Folder Name="/tests/">
    <Project Path="tests/Legate.Tests/Legate.Tests.fsproj" />
    <Project Path="tests/Legate.Storage.Postgres.Tests/Legate.Storage.Postgres.Tests.fsproj" />
  </Folder>
  <Folder Name="/samples/">
    <Project Path="samples/LegateCli/LegateCli.fsproj" />
    <Project Path="samples/MinimalHost/MinimalHost.fsproj" />
    <Project Path="samples/McpFixture/McpFixture.fsproj" />
    <Project Path="samples/Headless/Headless.fsproj" />
    <Project Path="samples/CSharpHost/CSharpHost.csproj" />
  </Folder>
</Solution>
